{
  "name": "poc-to-contract-closer",
  "version": "1.0.0",
  "lockfileVersion": 3,
  "requires": true,
  "packages": {
    "": {
      "name": "poc-to-contract-closer",
      "version": "1.0.0",
      "license": "MIT-0",
      "bin": {
        "poc-to-contract-closer": "cli.js"
      }
    }
  }
}
